
Microsoft Visual Studio Solution File, Format Version 12.00
# Visual Studio Version 17
VisualStudioVersion = 17.13.35825.156 d17.13
MinimumVisualStudioVersion = 10.0.40219.1
Project("{FAE04EC0-301F-11D3-BF4B-00C04F79EFBC}") = "LaptopManagement", "LaptopManagement\LaptopManagement.csproj", "{78DE22A8-B13B-4818-8FB9-477BABF8F6A0}"
EndProject
Global
	GlobalSection(SolutionConfigurationPlatforms) = preSolution
		Debug|Any CPU = Debug|Any CPU
		Release|Any CPU = Release|Any CPU
	EndGlobalSection
	GlobalSection(ProjectConfigurationPlatforms) = postSolution
		{78DE22A8-B13B-4818-8FB9-477BABF8F6A0}.Debug|Any CPU.ActiveCfg = Debug|Any CPU
		{78DE22A8-B13B-4818-8FB9-477BABF8F6A0}.Debug|Any CPU.Build.0 = Debug|Any CPU
		{78DE22A8-B13B-4818-8FB9-477BABF8F6A0}.Release|Any CPU.ActiveCfg = Release|Any CPU
		{78DE22A8-B13B-4818-8FB9-477BABF8F6A0}.Release|Any CPU.Build.0 = Release|Any CPU
	EndGlobalSection
	GlobalSection(SolutionProperties) = preSolution
		HideSolutionNode = FALSE
	EndGlobalSection
	GlobalSection(ExtensibilityGlobals) = postSolution
		SolutionGuid = {29B9691D-7551-403F-86C2-A6D1972237E8}
	EndGlobalSection
EndGlobal
